
Microsoft Visual Studio Solution File, Format Version 12.00
# Visual Studio Version 17
VisualStudioVersion = 17.5.002.0
MinimumVisualStudioVersion = 10.0.40219.1
Project("{9A19103F-16F7-4668-BE54-9A1E7A4F7556}") = "Heroes01", "Heroes01.csproj", "{726F8EA3-5084-4DBA-9A66-426723566F9B}"
EndProject
Global
	GlobalSection(SolutionConfigurationPlatforms) = preSolution
		Debug|Any CPU = Debug|Any CPU
		Release|Any CPU = Release|Any CPU
	EndGlobalSection
	GlobalSection(ProjectConfigurationPlatforms) = postSolution
		{726F8EA3-5084-4DBA-9A66-426723566F9B}.Debug|Any CPU.ActiveCfg = Debug|Any CPU
		{726F8EA3-5084-4DBA-9A66-426723566F9B}.Debug|Any CPU.Build.0 = Debug|Any CPU
		{726F8EA3-5084-4DBA-9A66-426723566F9B}.Release|Any CPU.ActiveCfg = Release|Any CPU
		{726F8EA3-5084-4DBA-9A66-426723566F9B}.Release|Any CPU.Build.0 = Release|Any CPU
	EndGlobalSection
	GlobalSection(SolutionProperties) = preSolution
		HideSolutionNode = FALSE
	EndGlobalSection
	GlobalSection(ExtensibilityGlobals) = postSolution
		SolutionGuid = {85BE7D9F-7A7F-4096-8C7E-6486477818A2}
	EndGlobalSection
EndGlobal
